<?xml version="1.0" encoding="utf-8"?>
<Project ToolsVersion="4.0" xmlns="http://schemas.microsoft.com/developer/msbuild/2003">
  <ItemGroup>
    <Filter Include="Source Files">
      <UniqueIdentifier>{4FC737F1-C7A5-4376-A066-2A32D752A2FF}</UniqueIdentifier>
      <Extensions>cpp;c;cc;cxx;def;odl;idl;hpj;bat;asm;asmx</Extensions>
    </Filter>
    <Filter Include="Header Files">
      <UniqueIdentifier>{93995380-89BD-4b04-88EB-625FBE52EBFB}</UniqueIdentifier>
      <Extensions>h;hpp;hxx;hm;inl;inc;xsd</Extensions>
    </Filter>
    <Filter Include="Resource Files">
      <UniqueIdentifier>{67DA6AB6-F800-4c08-8B7A-83BB121AAD01}</UniqueIdentifier>
      <Extensions>rc;ico;cur;bmp;dlg;rc2;rct;bin;rgs;gif;jpg;jpeg;jpe;resx;tiff;tif;png;wav;mfcribbon-ms</Extensions>
    </Filter>
    <Filter Include="Header Files\app">
      <UniqueIdentifier>{602aa53b-7711-4344-b033-b9b6cd820f13}</UniqueIdentifier>
    </Filter>
    <Filter Include="Header Files\util">
      <UniqueIdentifier>{e119f070-eb6b-48f3-b643-200c51b70912}</UniqueIdentifier>
    </Filter>
    <Filter Include="Source Files\app">
      <UniqueIdentifier>{0cfb2555-84e7-4907-969c-12e824f000c9}</UniqueIdentifier>
    </Filter>
    <Filter Include="Source Files\util">
      <UniqueIdentifier>{87e9f34e-c308-4aee-b2d2-28045b0eb18e}</UniqueIdentifier>
    </Filter>
    <Filter Include="Header Files\graphics">
      <UniqueIdentifier>{e6482062-12a4-49cb-ab02-ff45f0c3760e}</UniqueIdentifier>
    </Filter>
    <Filter Include="Source Files\graphics">
      <UniqueIdentifier>{826e3244-69ab-4bee-86bb-c848c52fd760}</UniqueIdentifier>
    </Filter>
    <Filter Include="Header Files\libs">
      <UniqueIdentifier>{b69d0806-124f-4066-84df-bbcc13d2db22}</UniqueIdentifier>
    </Filter>
    <Filter Include="Source Files\libs">
      <UniqueIdentifier>{b844e0ae-4ccb-4e4f-bb04-28c524da9717}</UniqueIdentifier>
    </Filter>
  </ItemGroup>
  <ItemGroup>
    <Text Include="ReadMe.txt" />
  </ItemGroup>
  <ItemGroup>
    <ClInclude Include="app\app_const.h">
      <Filter>Header Files\app</Filter>
    </ClInclude>
    <ClInclude Include="base_types.h">
      <Filter>Header Files</Filter>
    </ClInclude>
    <ClInclude Include="util\math_utils.h">
      <Filter>Header Files\util</Filter>
    </ClInclude>
    <ClInclude Include="util\utils.h">
      <Filter>Header Files\util</Filter>
    </ClInclude>
    <ClInclude Include="graphics\skeletonization.h">
      <Filter>Header Files\graphics</Filter>
    </ClInclude>
    <ClInclude Include="graphics\vectorization.h">
      <Filter>Header Files\graphics</Filter>
    </ClInclude>
    <ClInclude Include="image_reader.h">
      <Filter>Header Files</Filter>
    </ClInclude>
    <ClInclude Include="WDxfWriter.h">
      <Filter>Header Files</Filter>
    </ClInclude>
    <ClInclude Include="libs\dl_codes.h">
      <Filter>Header Files\libs</Filter>
    </ClInclude>
    <ClInclude Include="libs\dl_creationadapter.h">
      <Filter>Header Files\libs</Filter>
    </ClInclude>
    <ClInclude Include="libs\dl_dxf.h">
      <Filter>Header Files\libs</Filter>
    </ClInclude>
    <ClInclude Include="libs\dl_entities.h">
      <Filter>Header Files\libs</Filter>
    </ClInclude>
    <ClInclude Include="libs\dl_exception.h">
      <Filter>Header Files\libs</Filter>
    </ClInclude>
    <ClInclude Include="libs\dl_extrusion.h">
      <Filter>Header Files\libs</Filter>
    </ClInclude>
    <ClInclude Include="libs\dl_global.h">
      <Filter>Header Files\libs</Filter>
    </ClInclude>
    <ClInclude Include="libs\dl_writer.h">
      <Filter>Header Files\libs</Filter>
    </ClInclude>
    <ClInclude Include="libs\dl_writer_ascii.h">
      <Filter>Header Files\libs</Filter>
    </ClInclude>
    <ClInclude Include="libs\dl_attributes.h">
      <Filter>Header Files\libs</Filter>
    </ClInclude>
  </ItemGroup>
  <ItemGroup>
    <ClCompile Include="base_types.cpp">
      <Filter>Source Files</Filter>
    </ClCompile>
    <ClCompile Include="main.cpp">
      <Filter>Source Files</Filter>
    </ClCompile>
    <ClCompile Include="util\math_utils.cpp">
      <Filter>Source Files\util</Filter>
    </ClCompile>
    <ClCompile Include="util\utils.cpp">
      <Filter>Source Files\util</Filter>
    </ClCompile>
    <ClCompile Include="graphics\skeletonization.cpp">
      <Filter>Source Files\graphics</Filter>
    </ClCompile>
    <ClCompile Include="graphics\vectorization.cpp">
      <Filter>Source Files\graphics</Filter>
    </ClCompile>
    <ClCompile Include="image_reader.cpp">
      <Filter>Source Files</Filter>
    </ClCompile>
    <ClCompile Include="WDxfWriter.cpp">
      <Filter>Source Files</Filter>
    </ClCompile>
    <ClCompile Include="libs\dl_dxf.cpp">
      <Filter>Source Files\libs</Filter>
    </ClCompile>
    <ClCompile Include="libs\dl_writer_ascii.cpp">
      <Filter>Source Files\libs</Filter>
    </ClCompile>
  </ItemGroup>
</Project>