<?xml version="1.0" encoding="utf-8"?>
<Project ToolsVersion="4.0" xmlns="http://schemas.microsoft.com/developer/msbuild/2003">
  <ItemGroup>
    <Filter Include="Source Files">
      <UniqueIdentifier>{4FC737F1-C7A5-4376-A066-2A32D752A2FF}</UniqueIdentifier>
      <Extensions>cpp;c;cc;cxx;def;odl;idl;hpj;bat;asm;asmx</Extensions>
    </Filter>
    <Filter Include="Header Files">
      <UniqueIdentifier>{93995380-89BD-4b04-88EB-625FBE52EBFB}</UniqueIdentifier>
      <Extensions>h;hpp;hxx;hm;inl;inc;xsd</Extensions>
    </Filter>
    <Filter Include="Resource Files">
      <UniqueIdentifier>{67DA6AB6-F800-4c08-8B7A-83BB121AAD01}</UniqueIdentifier>
      <Extensions>rc;ico;cur;bmp;dlg;rc2;rct;bin;rgs;gif;jpg;jpeg;jpe;resx;tiff;tif;png;wav;mfcribbon-ms</Extensions>
    </Filter>
    <Filter Include="Header Files\app">
      <UniqueIdentifier>{bd70b5c6-1eb8-4900-835e-bdff71c6b323}</UniqueIdentifier>
    </Filter>
    <Filter Include="Header Files\util">
      <UniqueIdentifier>{7e9131fa-ba66-4282-9c9b-f5f93cf314e3}</UniqueIdentifier>
    </Filter>
    <Filter Include="Header Files\graphics">
      <UniqueIdentifier>{5d3d2850-1a82-4aff-8cfd-5e24d242152e}</UniqueIdentifier>
    </Filter>
    <Filter Include="Source Files\app">
      <UniqueIdentifier>{6ed41089-6399-4e35-8497-98558dd4595b}</UniqueIdentifier>
    </Filter>
    <Filter Include="Source Files\graphics">
      <UniqueIdentifier>{df270900-6a9d-4b9e-bc56-408605d33bdc}</UniqueIdentifier>
    </Filter>
    <Filter Include="Header Files\libs">
      <UniqueIdentifier>{b69d0806-124f-4066-84df-bbcc13d2db22}</UniqueIdentifier>
    </Filter>
    <Filter Include="Source Files\libs">
      <UniqueIdentifier>{b844e0ae-4ccb-4e4f-bb04-28c524da9717}</UniqueIdentifier>
    </Filter>
    <Filter Include="Source Files\util">
      <UniqueIdentifier>{1a232f11-7ee4-4d60-86a2-f74c3b47e1f5}</UniqueIdentifier>
    </Filter>
  </ItemGroup>
  <ItemGroup>
    <Text Include="ReadMe.txt" />
  </ItemGroup>
  <ItemGroup>
    <ClInclude Include="stdafx.h">
      <Filter>Header Files</Filter>
    </ClInclude>
    <ClInclude Include="targetver.h">
      <Filter>Header Files</Filter>
    </ClInclude>
    <ClInclude Include="VectorizationDll.h">
      <Filter>Header Files</Filter>
    </ClInclude>
    <ClInclude Include="app\app_const.h">
      <Filter>Header Files\app</Filter>
    </ClInclude>
    <ClInclude Include="graphics\skeletonization.h">
      <Filter>Header Files\graphics</Filter>
    </ClInclude>
    <ClInclude Include="graphics\vectorization.h">
      <Filter>Header Files\graphics</Filter>
    </ClInclude>
    <ClInclude Include="util\math_utils.h">
      <Filter>Header Files\util</Filter>
    </ClInclude>
    <ClInclude Include="util\utils.h">
      <Filter>Header Files\util</Filter>
    </ClInclude>
    <ClInclude Include="base_types.h">
      <Filter>Header Files</Filter>
    </ClInclude>
    <ClInclude Include="image_reader.h">
      <Filter>Header Files</Filter>
    </ClInclude>
    <ClInclude Include="WDxfWriter.h">
      <Filter>Header Files</Filter>
    </ClInclude>
    <ClInclude Include="libs\dl_attributes.h">
      <Filter>Header Files</Filter>
    </ClInclude>
    <ClInclude Include="libs\dl_codes.h">
      <Filter>Header Files</Filter>
    </ClInclude>
    <ClInclude Include="libs\dl_creationadapter.h">
      <Filter>Header Files</Filter>
    </ClInclude>
    <ClInclude Include="libs\dl_dxf.h">
      <Filter>Header Files</Filter>
    </ClInclude>
    <ClInclude Include="libs\dl_entities.h">
      <Filter>Header Files</Filter>
    </ClInclude>
    <ClInclude Include="libs\dl_exception.h">
      <Filter>Header Files</Filter>
    </ClInclude>
    <ClInclude Include="libs\dl_extrusion.h">
      <Filter>Header Files</Filter>
    </ClInclude>
    <ClInclude Include="libs\dl_global.h">
      <Filter>Header Files</Filter>
    </ClInclude>
    <ClInclude Include="libs\dl_writer.h">
      <Filter>Header Files</Filter>
    </ClInclude>
    <ClInclude Include="libs\dl_writer_ascii.h">
      <Filter>Header Files</Filter>
    </ClInclude>
  </ItemGroup>
  <ItemGroup>
    <ClCompile Include="stdafx.cpp">
      <Filter>Source Files</Filter>
    </ClCompile>
    <ClCompile Include="dllmain.cpp">
      <Filter>Source Files</Filter>
    </ClCompile>
    <ClCompile Include="VectorizationDll.cpp">
      <Filter>Source Files</Filter>
    </ClCompile>
    <ClCompile Include="graphics\skeletonization.cpp">
      <Filter>Source Files\graphics</Filter>
    </ClCompile>
    <ClCompile Include="graphics\vectorization.cpp">
      <Filter>Source Files\graphics</Filter>
    </ClCompile>
    <ClCompile Include="util\math_utils.cpp">
      <Filter>Source Files\util</Filter>
    </ClCompile>
    <ClCompile Include="util\utils.cpp">
      <Filter>Source Files\util</Filter>
    </ClCompile>
    <ClCompile Include="base_types.cpp">
      <Filter>Source Files</Filter>
    </ClCompile>
    <ClCompile Include="image_reader.cpp">
      <Filter>Source Files</Filter>
    </ClCompile>
    <ClCompile Include="WDxfWriter.cpp">
      <Filter>Source Files</Filter>
    </ClCompile>
    <ClCompile Include="libs\dl_dxf.cpp">
      <Filter>Source Files</Filter>
    </ClCompile>
    <ClCompile Include="libs\dl_writer_ascii.cpp">
      <Filter>Source Files</Filter>
    </ClCompile>
  </ItemGroup>
</Project>